
Microsoft Visual Studio Solution File, Format Version 12.00
# Visual Studio 15
VisualStudioVersion = 15.0.28010.2026
MinimumVisualStudioVersion = 10.0.40219.1
Project("{FAE04EC0-301F-11D3-BF4B-00C04F79EFBC}") = "NetCarlender", "NetCarlender\NetCarlender.csproj", "{7F08E54D-57D8-46EF-B042-1C5D9B1A4D3C}"
EndProject
Global
	GlobalSection(SolutionConfigurationPlatforms) = preSolution
		Debug|Any CPU = Debug|Any CPU
		Release|Any CPU = Release|Any CPU
	EndGlobalSection
	GlobalSection(ProjectConfigurationPlatforms) = postSolution
		{7F08E54D-57D8-46EF-B042-1C5D9B1A4D3C}.Debug|Any CPU.ActiveCfg = Debug|Any CPU
		{7F08E54D-57D8-46EF-B042-1C5D9B1A4D3C}.Debug|Any CPU.Build.0 = Debug|Any CPU
		{7F08E54D-57D8-46EF-B042-1C5D9B1A4D3C}.Release|Any CPU.ActiveCfg = Release|Any CPU
		{7F08E54D-57D8-46EF-B042-1C5D9B1A4D3C}.Release|Any CPU.Build.0 = Release|Any CPU
	EndGlobalSection
	GlobalSection(SolutionProperties) = preSolution
		HideSolutionNode = FALSE
	EndGlobalSection
	GlobalSection(ExtensibilityGlobals) = postSolution
		SolutionGuid = {D577137E-7662-45D6-A989-C037562722AC}
	EndGlobalSection
EndGlobal
